{
  "name": "@an-gg/tsutil",
  "version": "1.0.2",
  "lockfileVersion": 2,
  "requires": true,
  "packages": {
    "": {
      "name": "@an-gg/tsutil",
      "version": "1.0.2",
      "license": "ISC",
      "dependencies": {
        "type-expand": "^1.0.0"
      },
      "devDependencies": {
        "@types/node": "^16.6.1",
        "typescript": "^4.3.5"
      }
    },
    "node_modules/@types/node": {
      "version": "16.6.1",
      "resolved": "https://registry.npmjs.org/@types/node/-/node-16.6.1.tgz",
      "integrity": "sha512-Sr7BhXEAer9xyGuCN3Ek9eg9xPviCF2gfu9kTfuU2HkTVAMYSDeX40fvpmo72n5nansg3nsBjuQBrsS28r+NUw==",
      "dev": true
    },
    "node_modules/type-expand": {
      "version": "1.0.0",
      "resolved": "https://registry.npmjs.org/type-expand/-/type-expand-1.0.0.tgz",
      "integrity": "sha512-1fO/mIOl7QRreOBn83x07v8TL6OqhYKr/CHwFOI70D9cIr9YJ2PM/57Uazi9GbKSQJHB9yNXzYaE14wqQ4kmeQ=="
    },
    "node_modules/typescript": {
      "version": "4.3.5",
      "resolved": "https://registry.npmjs.org/typescript/-/typescript-4.3.5.tgz",
      "integrity": "sha512-DqQgihaQ9cUrskJo9kIyW/+g0Vxsk8cDtZ52a3NGh0YNTfpUSArXSohyUGnvbPazEPLu398C0UxmKSOrPumUzA==",
      "dev": true,
      "bin": {
        "tsc": "bin/tsc",
        "tsserver": "bin/tsserver"
      },
      "engines": {
        "node": ">=4.2.0"
      }
    }
  },
  "dependencies": {
    "@types/node": {
      "version": "16.6.1",
      "resolved": "https://registry.npmjs.org/@types/node/-/node-16.6.1.tgz",
      "integrity": "sha512-Sr7BhXEAer9xyGuCN3Ek9eg9xPviCF2gfu9kTfuU2HkTVAMYSDeX40fvpmo72n5nansg3nsBjuQBrsS28r+NUw==",
      "dev": true
    },
    "type-expand": {
      "version": "1.0.0",
      "resolved": "https://registry.npmjs.org/type-expand/-/type-expand-1.0.0.tgz",
      "integrity": "sha512-1fO/mIOl7QRreOBn83x07v8TL6OqhYKr/CHwFOI70D9cIr9YJ2PM/57Uazi9GbKSQJHB9yNXzYaE14wqQ4kmeQ=="
    },
    "typescript": {
      "version": "4.3.5",
      "resolved": "https://registry.npmjs.org/typescript/-/typescript-4.3.5.tgz",
      "integrity": "sha512-DqQgihaQ9cUrskJo9kIyW/+g0Vxsk8cDtZ52a3NGh0YNTfpUSArXSohyUGnvbPazEPLu398C0UxmKSOrPumUzA==",
      "dev": true
    }
  }
}
